// !$*UTF8*$!
{
	archiveVersion = 1;
	classes = {
	};
	objectVersion = 55;
	objects = {

/* Begin PBXBuildFile section */
		56013EEF28CCFE9B00BCABC3 /* level_9.json in Resources */ = {isa = PBXBuildFile; fileRef = 56013EEE28CCFE9B00BCABC3 /* level_9.json */; };
		56013EF328CD0B5500BCABC3 /* level_10.json in Resources */ = {isa = PBXBuildFile; fileRef = 56013EF228CD0B5500BCABC3 /* level_10.json */; };
		56013EF528CE30F600BCABC3 /* OneMoreTestScene.sks in Resources */ = {isa = PBXBuildFile; fileRef = 56013EF428CE30F600BCABC3 /* OneMoreTestScene.sks */; };
		56919EED28C8F40D00F3B354 /* level_5.json in Resources */ = {isa = PBXBuildFile; fileRef = 56919EEC28C8F40D00F3B354 /* level_5.json */; };
		56919EEF28C8FD3500F3B354 /* level_8.json in Resources */ = {isa = PBXBuildFile; fileRef = 56919EEE28C8FD3400F3B354 /* level_8.json */; };
		56919EF128CA064700F3B354 /* level_2.json in Resources */ = {isa = PBXBuildFile; fileRef = 56919EF028CA064700F3B354 /* level_2.json */; };
		56919EF328CBCFA100F3B354 /* level_7.json in Resources */ = {isa = PBXBuildFile; fileRef = 56919EF228CBCFA100F3B354 /* level_7.json */; };
		569E4CD128C3781300A9066A /* GameService.swift in Sources */ = {isa = PBXBuildFile; fileRef = 569E4CD028C3781300A9066A /* GameService.swift */; };
		569E8AD128AEA4320005D7FA /* AppDelegate.swift in Sources */ = {isa = PBXBuildFile; fileRef = 569E8AD028AEA4320005D7FA /* AppDelegate.swift */; };
		569E8AD328AEA4320005D7FA /* GameScene.sks in Resources */ = {isa = PBXBuildFile; fileRef = 569E8AD228AEA4320005D7FA /* GameScene.sks */; };
		569E8AD528AEA4320005D7FA /* Actions.sks in Resources */ = {isa = PBXBuildFile; fileRef = 569E8AD428AEA4320005D7FA /* Actions.sks */; };
		569E8AD728AEA4320005D7FA /* GameScene.swift in Sources */ = {isa = PBXBuildFile; fileRef = 569E8AD628AEA4320005D7FA /* GameScene.swift */; };
		569E8AD928AEA4320005D7FA /* GameViewController.swift in Sources */ = {isa = PBXBuildFile; fileRef = 569E8AD828AEA4320005D7FA /* GameViewController.swift */; };
		569E8ADC28AEA4320005D7FA /* Main.storyboard in Resources */ = {isa = PBXBuildFile; fileRef = 569E8ADA28AEA4320005D7FA /* Main.storyboard */; };
		569E8ADE28AEA4350005D7FA /* Assets.xcassets in Resources */ = {isa = PBXBuildFile; fileRef = 569E8ADD28AEA4350005D7FA /* Assets.xcassets */; };
		569E8AE128AEA4350005D7FA /* LaunchScreen.storyboard in Resources */ = {isa = PBXBuildFile; fileRef = 569E8ADF28AEA4350005D7FA /* LaunchScreen.storyboard */; };
		56A7CD0228B694D800802543 /* ThemeService.swift in Sources */ = {isa = PBXBuildFile; fileRef = 56A7CD0128B694D800802543 /* ThemeService.swift */; };
		56A7CD0528B6951800802543 /* LevelModel.swift in Sources */ = {isa = PBXBuildFile; fileRef = 56A7CD0428B6951800802543 /* LevelModel.swift */; };
		56A7CD0828B7992800802543 /* testLevel.json in Resources */ = {isa = PBXBuildFile; fileRef = 56A7CD0728B7992800802543 /* testLevel.json */; };
		56A7CD0A28B8032300802543 /* MoreTestScene.sks in Resources */ = {isa = PBXBuildFile; fileRef = 56A7CD0928B8032300802543 /* MoreTestScene.sks */; };
		56A7CD0D28BE728500802543 /* MatchNode.swift in Sources */ = {isa = PBXBuildFile; fileRef = 56A7CD0C28BE728500802543 /* MatchNode.swift */; };
		56A7CD0F28BE954B00802543 /* LevelParser.swift in Sources */ = {isa = PBXBuildFile; fileRef = 56A7CD0E28BE954B00802543 /* LevelParser.swift */; };
		56C47CFB28BFA69300B9980B /* level_1.json in Resources */ = {isa = PBXBuildFile; fileRef = 56C47CFA28BFA69200B9980B /* level_1.json */; };
		56C47CFD28C001F200B9980B /* level_6.json in Resources */ = {isa = PBXBuildFile; fileRef = 56C47CFC28C001F100B9980B /* level_6.json */; };
		56C47CFF28C1049F00B9980B /* level_3.json in Resources */ = {isa = PBXBuildFile; fileRef = 56C47CFE28C1049F00B9980B /* level_3.json */; };
		56CA5EC528C64F7900EEB5BA /* level_4.json in Resources */ = {isa = PBXBuildFile; fileRef = 56CA5EC428C64F7900EEB5BA /* level_4.json */; };
		56CA5EC828C7A68400EEB5BA /* SwiftConfettiView.swift in Sources */ = {isa = PBXBuildFile; fileRef = 56CA5EC728C7A68400EEB5BA /* SwiftConfettiView.swift */; };
		56CA5ECB28C888D200EEB5BA /* SpriteKit-Spring.swift in Sources */ = {isa = PBXBuildFile; fileRef = 56CA5ECA28C888D200EEB5BA /* SpriteKit-Spring.swift */; };
		56D1E8DA28D0C8A5003E3594 /* FormGenerator.swift in Sources */ = {isa = PBXBuildFile; fileRef = 56D1E8D928D0C8A5003E3594 /* FormGenerator.swift */; };
		56D1E8DC28D0D285003E3594 /* MatchForm.swift in Sources */ = {isa = PBXBuildFile; fileRef = 56D1E8DB28D0D285003E3594 /* MatchForm.swift */; };
		56D1E8DF28D0D375003E3594 /* MenuButton.swift in Sources */ = {isa = PBXBuildFile; fileRef = 56D1E8DE28D0D375003E3594 /* MenuButton.swift */; };
		56FCE26228B0F95700307714 /* TestLevelScene.sks in Resources */ = {isa = PBXBuildFile; fileRef = 56FCE26128B0F95700307714 /* TestLevelScene.sks */; };
/* End PBXBuildFile section */

/* Begin PBXFileReference section */
		56013EEE28CCFE9B00BCABC3 /* level_9.json */ = {isa = PBXFileReference; fileEncoding = 4; lastKnownFileType = text.json; path = level_9.json; sourceTree = "<group>"; };
		56013EF228CD0B5500BCABC3 /* level_10.json */ = {isa = PBXFileReference; fileEncoding = 4; lastKnownFileType = text.json; path = level_10.json; sourceTree = "<group>"; };
		56013EF428CE30F600BCABC3 /* OneMoreTestScene.sks */ = {isa = PBXFileReference; lastKnownFileType = file.sks; path = OneMoreTestScene.sks; sourceTree = "<group>"; };
		56919EEC28C8F40D00F3B354 /* level_5.json */ = {isa = PBXFileReference; fileEncoding = 4; lastKnownFileType = text.json; path = level_5.json; sourceTree = "<group>"; };
		56919EEE28C8FD3400F3B354 /* level_8.json */ = {isa = PBXFileReference; fileEncoding = 4; lastKnownFileType = text.json; path = level_8.json; sourceTree = "<group>"; };
		56919EF028CA064700F3B354 /* level_2.json */ = {isa = PBXFileReference; fileEncoding = 4; lastKnownFileType = text.json; path = level_2.json; sourceTree = "<group>"; };
		56919EF228CBCFA100F3B354 /* level_7.json */ = {isa = PBXFileReference; fileEncoding = 4; lastKnownFileType = text.json; path = level_7.json; sourceTree = "<group>"; };
		569E4CD028C3781300A9066A /* GameService.swift */ = {isa = PBXFileReference; lastKnownFileType = sourcecode.swift; path = GameService.swift; sourceTree = "<group>"; };
		569E8ACD28AEA4320005D7FA /* Match Out.app */ = {isa = PBXFileReference; explicitFileType = wrapper.application; includeInIndex = 0; path = "Match Out.app"; sourceTree = BUILT_PRODUCTS_DIR; };
		569E8AD028AEA4320005D7FA /* AppDelegate.swift */ = {isa = PBXFileReference; lastKnownFileType = sourcecode.swift; path = AppDelegate.swift; sourceTree = "<group>"; };
		569E8AD228AEA4320005D7FA /* GameScene.sks */ = {isa = PBXFileReference; lastKnownFileType = file.sks; path = GameScene.sks; sourceTree = "<group>"; };
		569E8AD428AEA4320005D7FA /* Actions.sks */ = {isa = PBXFileReference; lastKnownFileType = file.sks; path = Actions.sks; sourceTree = "<group>"; };
		569E8AD628AEA4320005D7FA /* GameScene.swift */ = {isa = PBXFileReference; lastKnownFileType = sourcecode.swift; path = GameScene.swift; sourceTree = "<group>"; };
		569E8AD828AEA4320005D7FA /* GameViewController.swift */ = {isa = PBXFileReference; lastKnownFileType = sourcecode.swift; path = GameViewController.swift; sourceTree = "<group>"; };
		569E8ADB28AEA4320005D7FA /* Base */ = {isa = PBXFileReference; lastKnownFileType = file.storyboard; name = Base; path = Base.lproj/Main.storyboard; sourceTree = "<group>"; };
		569E8ADD28AEA4350005D7FA /* Assets.xcassets */ = {isa = PBXFileReference; lastKnownFileType = folder.assetcatalog; path = Assets.xcassets; sourceTree = "<group>"; };
		569E8AE028AEA4350005D7FA /* Base */ = {isa = PBXFileReference; lastKnownFileType = file.storyboard; name = Base; path = Base.lproj/LaunchScreen.storyboard; sourceTree = "<group>"; };
		56A7CD0128B694D800802543 /* ThemeService.swift */ = {isa = PBXFileReference; lastKnownFileType = sourcecode.swift; path = ThemeService.swift; sourceTree = "<group>"; };
		56A7CD0428B6951800802543 /* LevelModel.swift */ = {isa = PBXFileReference; lastKnownFileType = sourcecode.swift; path = LevelModel.swift; sourceTree = "<group>"; };
		56A7CD0728B7992800802543 /* testLevel.json */ = {isa = PBXFileReference; fileEncoding = 4; lastKnownFileType = text.json; path = testLevel.json; sourceTree = "<group>"; };
		56A7CD0928B8032300802543 /* MoreTestScene.sks */ = {isa = PBXFileReference; lastKnownFileType = file.sks; path = MoreTestScene.sks; sourceTree = "<group>"; };
		56A7CD0C28BE728500802543 /* MatchNode.swift */ = {isa = PBXFileReference; lastKnownFileType = sourcecode.swift; path = MatchNode.swift; sourceTree = "<group>"; };
		56A7CD0E28BE954B00802543 /* LevelParser.swift */ = {isa = PBXFileReference; lastKnownFileType = sourcecode.swift; path = LevelParser.swift; sourceTree = "<group>"; };
		56C47CFA28BFA69200B9980B /* level_1.json */ = {isa = PBXFileReference; fileEncoding = 4; lastKnownFileType = text.json; path = level_1.json; sourceTree = "<group>"; };
		56C47CFC28C001F100B9980B /* level_6.json */ = {isa = PBXFileReference; fileEncoding = 4; lastKnownFileType = text.json; path = level_6.json; sourceTree = "<group>"; };
		56C47CFE28C1049F00B9980B /* level_3.json */ = {isa = PBXFileReference; fileEncoding = 4; lastKnownFileType = text.json; path = level_3.json; sourceTree = "<group>"; };
		56CA5EC428C64F7900EEB5BA /* level_4.json */ = {isa = PBXFileReference; fileEncoding = 4; lastKnownFileType = text.json; path = level_4.json; sourceTree = "<group>"; };
		56CA5EC728C7A68400EEB5BA /* SwiftConfettiView.swift */ = {isa = PBXFileReference; fileEncoding = 4; lastKnownFileType = sourcecode.swift; path = SwiftConfettiView.swift; sourceTree = "<group>"; };
		56CA5ECA28C888D200EEB5BA /* SpriteKit-Spring.swift */ = {isa = PBXFileReference; fileEncoding = 4; lastKnownFileType = sourcecode.swift; path = "SpriteKit-Spring.swift"; sourceTree = "<group>"; };
		56D1E8D928D0C8A5003E3594 /* FormGenerator.swift */ = {isa = PBXFileReference; lastKnownFileType = sourcecode.swift; path = FormGenerator.swift; sourceTree = "<group>"; };
		56D1E8DB28D0D285003E3594 /* MatchForm.swift */ = {isa = PBXFileReference; lastKnownFileType = sourcecode.swift; path = MatchForm.swift; sourceTree = "<group>"; };
		56D1E8DE28D0D375003E3594 /* MenuButton.swift */ = {isa = PBXFileReference; lastKnownFileType = sourcecode.swift; path = MenuButton.swift; sourceTree = "<group>"; };
		56FCE26128B0F95700307714 /* TestLevelScene.sks */ = {isa = PBXFileReference; lastKnownFileType = file.sks; path = TestLevelScene.sks; sourceTree = "<group>"; };
/* End PBXFileReference section */

/* Begin PBXFrameworksBuildPhase section */
		569E8ACA28AEA4320005D7FA /* Frameworks */ = {
			isa = PBXFrameworksBuildPhase;
			buildActionMask = 2147483647;
			files = (
			);
			runOnlyForDeploymentPostprocessing = 0;
		};
/* End PBXFrameworksBuildPhase section */

/* Begin PBXGroup section */
		569E4CCF28C3780400A9066A /* GameService */ = {
			isa = PBXGroup;
			children = (
				569E4CD028C3781300A9066A /* GameService.swift */,
			);
			name = GameService;
			sourceTree = "<group>";
		};
		569E8AC428AEA4320005D7FA = {
			isa = PBXGroup;
			children = (
				569E8ACF28AEA4320005D7FA /* Match Out */,
				569E8ACE28AEA4320005D7FA /* Products */,
			);
			sourceTree = "<group>";
		};
		569E8ACE28AEA4320005D7FA /* Products */ = {
			isa = PBXGroup;
			children = (
				569E8ACD28AEA4320005D7FA /* Match Out.app */,
			);
			name = Products;
			sourceTree = "<group>";
		};
		569E8ACF28AEA4320005D7FA /* Match Out */ = {
			isa = PBXGroup;
			children = (
				56D1E8DD28D0D31A003E3594 /* MenuButton */,
				56D1E8D828D0C875003E3594 /* FormGenerator */,
				56CA5EC928C888C100EEB5BA /* SpringAnimation */,
				56CA5EC628C7A67600EEB5BA /* ConfettiView */,
				569E4CCF28C3780400A9066A /* GameService */,
				56A7CD0B28BE725D00802543 /* Nodes */,
				56A7CD0628B7991500802543 /* LevelsJSON */,
				56A7CD0328B6950600802543 /* Levels */,
				56A7CD0028B6949300802543 /* ThemeService */,
				569E8AD028AEA4320005D7FA /* AppDelegate.swift */,
				569E8AD228AEA4320005D7FA /* GameScene.sks */,
				56FCE26128B0F95700307714 /* TestLevelScene.sks */,
				56013EF428CE30F600BCABC3 /* OneMoreTestScene.sks */,
				56A7CD0928B8032300802543 /* MoreTestScene.sks */,
				569E8AD428AEA4320005D7FA /* Actions.sks */,
				569E8AD628AEA4320005D7FA /* GameScene.swift */,
				569E8AD828AEA4320005D7FA /* GameViewController.swift */,
				569E8ADA28AEA4320005D7FA /* Main.storyboard */,
				569E8ADD28AEA4350005D7FA /* Assets.xcassets */,
				569E8ADF28AEA4350005D7FA /* LaunchScreen.storyboard */,
			);
			path = "Match Out";
			sourceTree = "<group>";
		};
		56A7CD0028B6949300802543 /* ThemeService */ = {
			isa = PBXGroup;
			children = (
				56A7CD0128B694D800802543 /* ThemeService.swift */,
			);
			name = ThemeService;
			sourceTree = "<group>";
		};
		56A7CD0328B6950600802543 /* Levels */ = {
			isa = PBXGroup;
			children = (
				56A7CD0428B6951800802543 /* LevelModel.swift */,
				56A7CD0E28BE954B00802543 /* LevelParser.swift */,
			);
			path = Levels;
			sourceTree = "<group>";
		};
		56A7CD0628B7991500802543 /* LevelsJSON */ = {
			isa = PBXGroup;
			children = (
				56A7CD0728B7992800802543 /* testLevel.json */,
				56C47CFA28BFA69200B9980B /* level_1.json */,
				56C47CFC28C001F100B9980B /* level_6.json */,
				56C47CFE28C1049F00B9980B /* level_3.json */,
				56CA5EC428C64F7900EEB5BA /* level_4.json */,
				56919EEC28C8F40D00F3B354 /* level_5.json */,
				56919EF028CA064700F3B354 /* level_2.json */,
				56919EF228CBCFA100F3B354 /* level_7.json */,
				56919EEE28C8FD3400F3B354 /* level_8.json */,
				56013EEE28CCFE9B00BCABC3 /* level_9.json */,
				56013EF228CD0B5500BCABC3 /* level_10.json */,
			);
			name = LevelsJSON;
			sourceTree = "<group>";
		};
		56A7CD0B28BE725D00802543 /* Nodes */ = {
			isa = PBXGroup;
			children = (
				56A7CD0C28BE728500802543 /* MatchNode.swift */,
			);
			path = Nodes;
			sourceTree = "<group>";
		};
		56CA5EC628C7A67600EEB5BA /* ConfettiView */ = {
			isa = PBXGroup;
			children = (
				56CA5EC728C7A68400EEB5BA /* SwiftConfettiView.swift */,
			);
			name = ConfettiView;
			sourceTree = "<group>";
		};
		56CA5EC928C888C100EEB5BA /* SpringAnimation */ = {
			isa = PBXGroup;
			children = (
				56CA5ECA28C888D200EEB5BA /* SpriteKit-Spring.swift */,
			);
			name = SpringAnimation;
			sourceTree = "<group>";
		};
		56D1E8D828D0C875003E3594 /* FormGenerator */ = {
			isa = PBXGroup;
			children = (
				56D1E8D928D0C8A5003E3594 /* FormGenerator.swift */,
				56D1E8DB28D0D285003E3594 /* MatchForm.swift */,
			);
			name = FormGenerator;
			sourceTree = "<group>";
		};
		56D1E8DD28D0D31A003E3594 /* MenuButton */ = {
			isa = PBXGroup;
			children = (
				56D1E8DE28D0D375003E3594 /* MenuButton.swift */,
			);
			name = MenuButton;
			sourceTree = "<group>";
		};
/* End PBXGroup section */

/* Begin PBXNativeTarget section */
		569E8ACC28AEA4320005D7FA /* Match Out */ = {
			isa = PBXNativeTarget;
			buildConfigurationList = 569E8AE428AEA4350005D7FA /* Build configuration list for PBXNativeTarget "Match Out" */;
			buildPhases = (
				569E8AC928AEA4320005D7FA /* Sources */,
				569E8ACA28AEA4320005D7FA /* Frameworks */,
				569E8ACB28AEA4320005D7FA /* Resources */,
			);
			buildRules = (
			);
			dependencies = (
			);
			name = "Match Out";
			productName = "Match Out";
			productReference = 569E8ACD28AEA4320005D7FA /* Match Out.app */;
			productType = "com.apple.product-type.application";
		};
/* End PBXNativeTarget section */

/* Begin PBXProject section */
		569E8AC528AEA4320005D7FA /* Project object */ = {
			isa = PBXProject;
			attributes = {
				BuildIndependentTargetsInParallel = 1;
				LastSwiftUpdateCheck = 1340;
				LastUpgradeCheck = 1340;
				TargetAttributes = {
					569E8ACC28AEA4320005D7FA = {
						CreatedOnToolsVersion = 13.4;
					};
				};
			};
			buildConfigurationList = 569E8AC828AEA4320005D7FA /* Build configuration list for PBXProject "Match Out" */;
			compatibilityVersion = "Xcode 13.0";
			developmentRegion = en;
			hasScannedForEncodings = 0;
			knownRegions = (
				en,
				Base,
			);
			mainGroup = 569E8AC428AEA4320005D7FA;
			productRefGroup = 569E8ACE28AEA4320005D7FA /* Products */;
			projectDirPath = "";
			projectRoot = "";
			targets = (
				569E8ACC28AEA4320005D7FA /* Match Out */,
			);
		};
/* End PBXProject section */

/* Begin PBXResourcesBuildPhase section */
		569E8ACB28AEA4320005D7FA /* Resources */ = {
			isa = PBXResourcesBuildPhase;
			buildActionMask = 2147483647;
			files = (
				56C47CFF28C1049F00B9980B /* level_3.json in Resources */,
				56919EEF28C8FD3500F3B354 /* level_8.json in Resources */,
				56919EF328CBCFA100F3B354 /* level_7.json in Resources */,
				56919EF128CA064700F3B354 /* level_2.json in Resources */,
				569E8ADC28AEA4320005D7FA /* Main.storyboard in Resources */,
				56A7CD0A28B8032300802543 /* MoreTestScene.sks in Resources */,
				569E8AD328AEA4320005D7FA /* GameScene.sks in Resources */,
				56919EED28C8F40D00F3B354 /* level_5.json in Resources */,
				569E8ADE28AEA4350005D7FA /* Assets.xcassets in Resources */,
				56013EF328CD0B5500BCABC3 /* level_10.json in Resources */,
				56013EF528CE30F600BCABC3 /* OneMoreTestScene.sks in Resources */,
				56A7CD0828B7992800802543 /* testLevel.json in Resources */,
				56C47CFB28BFA69300B9980B /* level_1.json in Resources */,
				56013EEF28CCFE9B00BCABC3 /* level_9.json in Resources */,
				56FCE26228B0F95700307714 /* TestLevelScene.sks in Resources */,
				56C47CFD28C001F200B9980B /* level_6.json in Resources */,
				569E8AE128AEA4350005D7FA /* LaunchScreen.storyboard in Resources */,
				569E8AD528AEA4320005D7FA /* Actions.sks in Resources */,
				56CA5EC528C64F7900EEB5BA /* level_4.json in Resources */,
			);
			runOnlyForDeploymentPostprocessing = 0;
		};
/* End PBXResourcesBuildPhase section */

/* Begin PBXSourcesBuildPhase section */
		569E8AC928AEA4320005D7FA /* Sources */ = {
			isa = PBXSourcesBuildPhase;
			buildActionMask = 2147483647;
			files = (
				56A7CD0528B6951800802543 /* LevelModel.swift in Sources */,
				56A7CD0D28BE728500802543 /* MatchNode.swift in Sources */,
				569E8AD728AEA4320005D7FA /* GameScene.swift in Sources */,
				56A7CD0F28BE954B00802543 /* LevelParser.swift in Sources */,
				56CA5ECB28C888D200EEB5BA /* SpriteKit-Spring.swift in Sources */,
				56A7CD0228B694D800802543 /* ThemeService.swift in Sources */,
				569E8AD928AEA4320005D7FA /* GameViewController.swift in Sources */,
				56D1E8DA28D0C8A5003E3594 /* FormGenerator.swift in Sources */,
				569E8AD128AEA4320005D7FA /* AppDelegate.swift in Sources */,
				569E4CD128C3781300A9066A /* GameService.swift in Sources */,
				56CA5EC828C7A68400EEB5BA /* SwiftConfettiView.swift in Sources */,
				56D1E8DF28D0D375003E3594 /* MenuButton.swift in Sources */,
				56D1E8DC28D0D285003E3594 /* MatchForm.swift in Sources */,
			);
			runOnlyForDeploymentPostprocessing = 0;
		};
/* End PBXSourcesBuildPhase section */

/* Begin PBXVariantGroup section */
		569E8ADA28AEA4320005D7FA /* Main.storyboard */ = {
			isa = PBXVariantGroup;
			children = (
				569E8ADB28AEA4320005D7FA /* Base */,
			);
			name = Main.storyboard;
			sourceTree = "<group>";
		};
		569E8ADF28AEA4350005D7FA /* LaunchScreen.storyboard */ = {
			isa = PBXVariantGroup;
			children = (
				569E8AE028AEA4350005D7FA /* Base */,
			);
			name = LaunchScreen.storyboard;
			sourceTree = "<group>";
		};
/* End PBXVariantGroup section */

/* Begin XCBuildConfiguration section */
		569E8AE228AEA4350005D7FA /* Debug */ = {
			isa = XCBuildConfiguration;
			buildSettings = {
				ALWAYS_SEARCH_USER_PATHS = NO;
				CLANG_ANALYZER_NONNULL = YES;
				CLANG_ANALYZER_NUMBER_OBJECT_CONVERSION = YES_AGGRESSIVE;
				CLANG_CXX_LANGUAGE_STANDARD = "gnu++17";
				CLANG_ENABLE_MODULES = YES;
				CLANG_ENABLE_OBJC_ARC = YES;
				CLANG_ENABLE_OBJC_WEAK = YES;
				CLANG_WARN_BLOCK_CAPTURE_AUTORELEASING = YES;
				CLANG_WARN_BOOL_CONVERSION = YES;
				CLANG_WARN_COMMA = YES;
				CLANG_WARN_CONSTANT_CONVERSION = YES;
				CLANG_WARN_DEPRECATED_OBJC_IMPLEMENTATIONS = YES;
				CLANG_WARN_DIRECT_OBJC_ISA_USAGE = YES_ERROR;
				CLANG_WARN_DOCUMENTATION_COMMENTS = YES;
				CLANG_WARN_EMPTY_BODY = YES;
				CLANG_WARN_ENUM_CONVERSION = YES;
				CLANG_WARN_INFINITE_RECURSION = YES;
				CLANG_WARN_INT_CONVERSION = YES;
				CLANG_WARN_NON_LITERAL_NULL_CONVERSION = YES;
				CLANG_WARN_OBJC_IMPLICIT_RETAIN_SELF = YES;
				CLANG_WARN_OBJC_LITERAL_CONVERSION = YES;
				CLANG_WARN_OBJC_ROOT_CLASS = YES_ERROR;
				CLANG_WARN_QUOTED_INCLUDE_IN_FRAMEWORK_HEADER = YES;
				CLANG_WARN_RANGE_LOOP_ANALYSIS = YES;
				CLANG_WARN_STRICT_PROTOTYPES = YES;
				CLANG_WARN_SUSPICIOUS_MOVE = YES;
				CLANG_WARN_UNGUARDED_AVAILABILITY = YES_AGGRESSIVE;
				CLANG_WARN_UNREACHABLE_CODE = YES;
				CLANG_WARN__DUPLICATE_METHOD_MATCH = YES;
				COPY_PHASE_STRIP = NO;
				DEBUG_INFORMATION_FORMAT = dwarf;
				ENABLE_STRICT_OBJC_MSGSEND = YES;
				ENABLE_TESTABILITY = YES;
				GCC_C_LANGUAGE_STANDARD = gnu11;
				GCC_DYNAMIC_NO_PIC = NO;
				GCC_NO_COMMON_BLOCKS = YES;
				GCC_OPTIMIZATION_LEVEL = 0;
				GCC_PREPROCESSOR_DEFINITIONS = (
					"DEBUG=1",
					"$(inherited)",
				);
				GCC_WARN_64_TO_32_BIT_CONVERSION = YES;
				GCC_WARN_ABOUT_RETURN_TYPE = YES_ERROR;
				GCC_WARN_UNDECLARED_SELECTOR = YES;
				GCC_WARN_UNINITIALIZED_AUTOS = YES_AGGRESSIVE;
				GCC_WARN_UNUSED_FUNCTION = YES;
				GCC_WARN_UNUSED_VARIABLE = YES;
				IPHONEOS_DEPLOYMENT_TARGET = 15.5;
				MTL_ENABLE_DEBUG_INFO = INCLUDE_SOURCE;
				MTL_FAST_MATH = YES;
				ONLY_ACTIVE_ARCH = YES;
				SDKROOT = iphoneos;
				SWIFT_ACTIVE_COMPILATION_CONDITIONS = DEBUG;
				SWIFT_OPTIMIZATION_LEVEL = "-Onone";
			};
			name = Debug;
		};
		569E8AE328AEA4350005D7FA /* Release */ = {
			isa = XCBuildConfiguration;
			buildSettings = {
				ALWAYS_SEARCH_USER_PATHS = NO;
				CLANG_ANALYZER_NONNULL = YES;
				CLANG_ANALYZER_NUMBER_OBJECT_CONVERSION = YES_AGGRESSIVE;
				CLANG_CXX_LANGUAGE_STANDARD = "gnu++17";
				CLANG_ENABLE_MODULES = YES;
				CLANG_ENABLE_OBJC_ARC = YES;
				CLANG_ENABLE_OBJC_WEAK = YES;
				CLANG_WARN_BLOCK_CAPTURE_AUTORELEASING = YES;
				CLANG_WARN_BOOL_CONVERSION = YES;
				CLANG_WARN_COMMA = YES;
				CLANG_WARN_CONSTANT_CONVERSION = YES;
				CLANG_WARN_DEPRECATED_OBJC_IMPLEMENTATIONS = YES;
				CLANG_WARN_DIRECT_OBJC_ISA_USAGE = YES_ERROR;
				CLANG_WARN_DOCUMENTATION_COMMENTS = YES;
				CLANG_WARN_EMPTY_BODY = YES;
				CLANG_WARN_ENUM_CONVERSION = YES;
				CLANG_WARN_INFINITE_RECURSION = YES;
				CLANG_WARN_INT_CONVERSION = YES;
				CLANG_WARN_NON_LITERAL_NULL_CONVERSION = YES;
				CLANG_WARN_OBJC_IMPLICIT_RETAIN_SELF = YES;
				CLANG_WARN_OBJC_LITERAL_CONVERSION = YES;
				CLANG_WARN_OBJC_ROOT_CLASS = YES_ERROR;
				CLANG_WARN_QUOTED_INCLUDE_IN_FRAMEWORK_HEADER = YES;
				CLANG_WARN_RANGE_LOOP_ANALYSIS = YES;
				CLANG_WARN_STRICT_PROTOTYPES = YES;
				CLANG_WARN_SUSPICIOUS_MOVE = YES;
				CLANG_WARN_UNGUARDED_AVAILABILITY = YES_AGGRESSIVE;
				CLANG_WARN_UNREACHABLE_CODE = YES;
				CLANG_WARN__DUPLICATE_METHOD_MATCH = YES;
				COPY_PHASE_STRIP = NO;
				DEBUG_INFORMATION_FORMAT = "dwarf-with-dsym";
				ENABLE_NS_ASSERTIONS = NO;
				ENABLE_STRICT_OBJC_MSGSEND = YES;
				GCC_C_LANGUAGE_STANDARD = gnu11;
				GCC_NO_COMMON_BLOCKS = YES;
				GCC_WARN_64_TO_32_BIT_CONVERSION = YES;
				GCC_WARN_ABOUT_RETURN_TYPE = YES_ERROR;
				GCC_WARN_UNDECLARED_SELECTOR = YES;
				GCC_WARN_UNINITIALIZED_AUTOS = YES_AGGRESSIVE;
				GCC_WARN_UNUSED_FUNCTION = YES;
				GCC_WARN_UNUSED_VARIABLE = YES;
				IPHONEOS_DEPLOYMENT_TARGET = 15.5;
				MTL_ENABLE_DEBUG_INFO = NO;
				MTL_FAST_MATH = YES;
				SDKROOT = iphoneos;
				SWIFT_COMPILATION_MODE = wholemodule;
				SWIFT_OPTIMIZATION_LEVEL = "-O";
				VALIDATE_PRODUCT = YES;
			};
			name = Release;
		};
		569E8AE528AEA4350005D7FA /* Debug */ = {
			isa = XCBuildConfiguration;
			buildSettings = {
				ASSETCATALOG_COMPILER_APPICON_NAME = AppIcon;
				ASSETCATALOG_COMPILER_GLOBAL_ACCENT_COLOR_NAME = AccentColor;
				CODE_SIGN_STYLE = Automatic;
				CURRENT_PROJECT_VERSION = 1;
				DEVELOPMENT_TEAM = 2937G8HQQ5;
				GENERATE_INFOPLIST_FILE = YES;
				INFOPLIST_KEY_UIApplicationSupportsIndirectInputEvents = YES;
				INFOPLIST_KEY_UILaunchStoryboardName = LaunchScreen;
				INFOPLIST_KEY_UIMainStoryboardFile = Main;
				INFOPLIST_KEY_UIStatusBarHidden = YES;
				INFOPLIST_KEY_UISupportedInterfaceOrientations = "UIInterfaceOrientationPortrait UIInterfaceOrientationPortraitUpsideDown";
				INFOPLIST_KEY_UISupportedInterfaceOrientations_iPad = "UIInterfaceOrientationPortrait UIInterfaceOrientationPortraitUpsideDown UIInterfaceOrientationLandscapeLeft UIInterfaceOrientationLandscapeRight";
				INFOPLIST_KEY_UISupportedInterfaceOrientations_iPhone = "UIInterfaceOrientationPortrait UIInterfaceOrientationLandscapeLeft UIInterfaceOrientationLandscapeRight";
				IPHONEOS_DEPLOYMENT_TARGET = 13.0;
				LD_RUNPATH_SEARCH_PATHS = (
					"$(inherited)",
					"@executable_path/Frameworks",
				);
				MARKETING_VERSION = 1.0;
				PRODUCT_BUNDLE_IDENTIFIER = "Studio45.Match-Out";
				PRODUCT_NAME = "$(TARGET_NAME)";
				SWIFT_EMIT_LOC_STRINGS = YES;
				SWIFT_VERSION = 5.0;
				TARGETED_DEVICE_FAMILY = 1;
			};
			name = Debug;
		};
		569E8AE628AEA4350005D7FA /* Release */ = {
			isa = XCBuildConfiguration;
			buildSettings = {
				ASSETCATALOG_COMPILER_APPICON_NAME = AppIcon;
				ASSETCATALOG_COMPILER_GLOBAL_ACCENT_COLOR_NAME = AccentColor;
				CODE_SIGN_STYLE = Automatic;
				CURRENT_PROJECT_VERSION = 1;
				DEVELOPMENT_TEAM = 2937G8HQQ5;
				GENERATE_INFOPLIST_FILE = YES;
				INFOPLIST_KEY_UIApplicationSupportsIndirectInputEvents = YES;
				INFOPLIST_KEY_UILaunchStoryboardName = LaunchScreen;
				INFOPLIST_KEY_UIMainStoryboardFile = Main;
				INFOPLIST_KEY_UIStatusBarHidden = YES;
				INFOPLIST_KEY_UISupportedInterfaceOrientations = "UIInterfaceOrientationPortrait UIInterfaceOrientationPortraitUpsideDown";
				INFOPLIST_KEY_UISupportedInterfaceOrientations_iPad = "UIInterfaceOrientationPortrait UIInterfaceOrientationPortraitUpsideDown UIInterfaceOrientationLandscapeLeft UIInterfaceOrientationLandscapeRight";
				INFOPLIST_KEY_UISupportedInterfaceOrientations_iPhone = "UIInterfaceOrientationPortrait UIInterfaceOrientationLandscapeLeft UIInterfaceOrientationLandscapeRight";
				IPHONEOS_DEPLOYMENT_TARGET = 13.0;
				LD_RUNPATH_SEARCH_PATHS = (
					"$(inherited)",
					"@executable_path/Frameworks",
				);
				MARKETING_VERSION = 1.0;
				PRODUCT_BUNDLE_IDENTIFIER = "Studio45.Match-Out";
				PRODUCT_NAME = "$(TARGET_NAME)";
				SWIFT_EMIT_LOC_STRINGS = YES;
				SWIFT_VERSION = 5.0;
				TARGETED_DEVICE_FAMILY = 1;
			};
			name = Release;
		};
/* End XCBuildConfiguration section */

/* Begin XCConfigurationList section */
		569E8AC828AEA4320005D7FA /* Build configuration list for PBXProject "Match Out" */ = {
			isa = XCConfigurationList;
			buildConfigurations = (
				569E8AE228AEA4350005D7FA /* Debug */,
				569E8AE328AEA4350005D7FA /* Release */,
			);
			defaultConfigurationIsVisible = 0;
			defaultConfigurationName = Release;
		};
		569E8AE428AEA4350005D7FA /* Build configuration list for PBXNativeTarget "Match Out" */ = {
			isa = XCConfigurationList;
			buildConfigurations = (
				569E8AE528AEA4350005D7FA /* Debug */,
				569E8AE628AEA4350005D7FA /* Release */,
			);
			defaultConfigurationIsVisible = 0;
			defaultConfigurationName = Release;
		};
/* End XCConfigurationList section */
	};
	rootObject = 569E8AC528AEA4320005D7FA /* Project object */;
}
